
Microsoft Visual Studio Solution File, Format Version 12.00
# Visual Studio Version 16
VisualStudioVersion = 16.0.31729.503
MinimumVisualStudioVersion = 10.0.40219.1
Project("{FAE04EC0-301F-11D3-BF4B-00C04F79EFBC}") = "SRi.EntitiesSelector", "SRi.EntitiesSelector\SRi.EntitiesSelector.csproj", "{3ACB0551-2A53-4BC3-BBCF-1506259BA203}"
EndProject
Global
	GlobalSection(SolutionConfigurationPlatforms) = preSolution
		Debug|Any CPU = Debug|Any CPU
		Release|Any CPU = Release|Any CPU
	EndGlobalSection
	GlobalSection(ProjectConfigurationPlatforms) = postSolution
		{3ACB0551-2A53-4BC3-BBCF-1506259BA203}.Debug|Any CPU.ActiveCfg = Debug|Any CPU
		{3ACB0551-2A53-4BC3-BBCF-1506259BA203}.Debug|Any CPU.Build.0 = Debug|Any CPU
		{3ACB0551-2A53-4BC3-BBCF-1506259BA203}.Release|Any CPU.ActiveCfg = Release|Any CPU
		{3ACB0551-2A53-4BC3-BBCF-1506259BA203}.Release|Any CPU.Build.0 = Release|Any CPU
	EndGlobalSection
	GlobalSection(SolutionProperties) = preSolution
		HideSolutionNode = FALSE
	EndGlobalSection
	GlobalSection(ExtensibilityGlobals) = postSolution
		SolutionGuid = {2A0894FC-7F71-4089-A1B7-34FF1BFF452C}
	EndGlobalSection
EndGlobal
