
Microsoft Visual Studio Solution File, Format Version 12.00
# Visual Studio Version 16
VisualStudioVersion = 16.0.33927.289
MinimumVisualStudioVersion = 10.0.40219.1
Project("{9A19103F-16F7-4668-BE54-9A1E7A4F7556}") = "AllCorePracticeApp", "AllCorePracticeApp\AllCorePracticeApp.csproj", "{5A8E4411-694E-4358-ABA6-E8F28D5519D0}"
EndProject
Project("{FAE04EC0-301F-11D3-BF4B-00C04F79EFBC}") = "InsertingContentIntoExistingContent", "InsertingContentIntoExistingContent\InsertingContentIntoExistingContent.csproj", "{84E792D1-F425-429F-9A46-1528D7AF616E}"
EndProject
Global
	GlobalSection(SolutionConfigurationPlatforms) = preSolution
		All|Any CPU = All|Any CPU
		Debug|Any CPU = Debug|Any CPU
		Release|Any CPU = Release|Any CPU
	EndGlobalSection
	GlobalSection(ProjectConfigurationPlatforms) = postSolution
		{5A8E4411-694E-4358-ABA6-E8F28D5519D0}.All|Any CPU.ActiveCfg = Release|Any CPU
		{5A8E4411-694E-4358-ABA6-E8F28D5519D0}.All|Any CPU.Build.0 = Release|Any CPU
		{5A8E4411-694E-4358-ABA6-E8F28D5519D0}.Debug|Any CPU.ActiveCfg = Debug|Any CPU
		{5A8E4411-694E-4358-ABA6-E8F28D5519D0}.Debug|Any CPU.Build.0 = Debug|Any CPU
		{5A8E4411-694E-4358-ABA6-E8F28D5519D0}.Release|Any CPU.ActiveCfg = Release|Any CPU
		{5A8E4411-694E-4358-ABA6-E8F28D5519D0}.Release|Any CPU.Build.0 = Release|Any CPU
		{84E792D1-F425-429F-9A46-1528D7AF616E}.All|Any CPU.ActiveCfg = Debug|Any CPU
		{84E792D1-F425-429F-9A46-1528D7AF616E}.All|Any CPU.Build.0 = Debug|Any CPU
		{84E792D1-F425-429F-9A46-1528D7AF616E}.Debug|Any CPU.ActiveCfg = Debug|Any CPU
		{84E792D1-F425-429F-9A46-1528D7AF616E}.Debug|Any CPU.Build.0 = Debug|Any CPU
		{84E792D1-F425-429F-9A46-1528D7AF616E}.Release|Any CPU.ActiveCfg = Release|Any CPU
		{84E792D1-F425-429F-9A46-1528D7AF616E}.Release|Any CPU.Build.0 = Release|Any CPU
	EndGlobalSection
	GlobalSection(SolutionProperties) = preSolution
		HideSolutionNode = FALSE
	EndGlobalSection
	GlobalSection(ExtensibilityGlobals) = postSolution
		SolutionGuid = {20728A5D-40CD-47E2-975F-E3BD630E7865}
	EndGlobalSection
EndGlobal
