
Microsoft Visual Studio Solution File, Format Version 12.00
# Visual Studio Version 16
VisualStudioVersion = 16.0.32802.440
MinimumVisualStudioVersion = 10.0.40219.1
Project("{FAE04EC0-301F-11D3-BF4B-00C04F79EFBC}") = "SlvParkview.FinanceManager", "SlvParkview.FinanceManager\SlvParkview.FinanceManager.csproj", "{6730FC5B-7591-4B81-8582-326F35D350F4}"
EndProject
Global
	GlobalSection(SolutionConfigurationPlatforms) = preSolution
		Debug|Any CPU = Debug|Any CPU
		Release|Any CPU = Release|Any CPU
	EndGlobalSection
	GlobalSection(ProjectConfigurationPlatforms) = postSolution
		{6730FC5B-7591-4B81-8582-326F35D350F4}.Debug|Any CPU.ActiveCfg = Debug|Any CPU
		{6730FC5B-7591-4B81-8582-326F35D350F4}.Debug|Any CPU.Build.0 = Debug|Any CPU
		{6730FC5B-7591-4B81-8582-326F35D350F4}.Release|Any CPU.ActiveCfg = Release|Any CPU
		{6730FC5B-7591-4B81-8582-326F35D350F4}.Release|Any CPU.Build.0 = Release|Any CPU
	EndGlobalSection
	GlobalSection(SolutionProperties) = preSolution
		HideSolutionNode = FALSE
	EndGlobalSection
	GlobalSection(ExtensibilityGlobals) = postSolution
		SolutionGuid = {0A95DB4A-80D4-42D1-B590-829F8426D432}
	EndGlobalSection
EndGlobal
