
Microsoft Visual Studio Solution File, Format Version 12.00
# Visual Studio Version 16
VisualStudioVersion = 16.0.33927.289
MinimumVisualStudioVersion = 10.0.40219.1
Project("{FAE04EC0-301F-11D3-BF4B-00C04F79EFBC}") = "SPro2023ConsoleApp", "SPro2023ConsoleApp\SPro2023ConsoleApp.csproj", "{00CEE675-75E5-4508-A7AD-09AB1C28E5AE}"
EndProject
Global
	GlobalSection(SolutionConfigurationPlatforms) = preSolution
		Debug|Any CPU = Debug|Any CPU
		Release|Any CPU = Release|Any CPU
	EndGlobalSection
	GlobalSection(ProjectConfigurationPlatforms) = postSolution
		{00CEE675-75E5-4508-A7AD-09AB1C28E5AE}.Debug|Any CPU.ActiveCfg = Debug|Any CPU
		{00CEE675-75E5-4508-A7AD-09AB1C28E5AE}.Debug|Any CPU.Build.0 = Debug|Any CPU
		{00CEE675-75E5-4508-A7AD-09AB1C28E5AE}.Release|Any CPU.ActiveCfg = Release|Any CPU
		{00CEE675-75E5-4508-A7AD-09AB1C28E5AE}.Release|Any CPU.Build.0 = Release|Any CPU
	EndGlobalSection
	GlobalSection(SolutionProperties) = preSolution
		HideSolutionNode = FALSE
	EndGlobalSection
	GlobalSection(ExtensibilityGlobals) = postSolution
		SolutionGuid = {406F7C08-57C0-4E1E-A95E-2614A76C72CB}
	EndGlobalSection
EndGlobal
