
Microsoft Visual Studio Solution File, Format Version 12.00
# Visual Studio Version 16
VisualStudioVersion = 16.0.32510.428
MinimumVisualStudioVersion = 10.0.40219.1
Project("{FAE04EC0-301F-11D3-BF4B-00C04F79EFBC}") = "SRi.CustomControlsLibrary", "SRi.CustomControlsLibrary\SRi.CustomControlsLibrary.csproj", "{350CC329-3A3D-487C-8978-1AEAD0B2128A}"
EndProject
Project("{FAE04EC0-301F-11D3-BF4B-00C04F79EFBC}") = "CustomControlsTestProject", "CustomControlsTestProject\CustomControlsTestProject.csproj", "{0BA90A8C-72B2-4DB0-9467-5157AF863762}"
EndProject
Global
	GlobalSection(SolutionConfigurationPlatforms) = preSolution
		Debug|Any CPU = Debug|Any CPU
		Release|Any CPU = Release|Any CPU
	EndGlobalSection
	GlobalSection(ProjectConfigurationPlatforms) = postSolution
		{350CC329-3A3D-487C-8978-1AEAD0B2128A}.Debug|Any CPU.ActiveCfg = Debug|Any CPU
		{350CC329-3A3D-487C-8978-1AEAD0B2128A}.Debug|Any CPU.Build.0 = Debug|Any CPU
		{350CC329-3A3D-487C-8978-1AEAD0B2128A}.Release|Any CPU.ActiveCfg = Release|Any CPU
		{350CC329-3A3D-487C-8978-1AEAD0B2128A}.Release|Any CPU.Build.0 = Release|Any CPU
		{0BA90A8C-72B2-4DB0-9467-5157AF863762}.Debug|Any CPU.ActiveCfg = Debug|Any CPU
		{0BA90A8C-72B2-4DB0-9467-5157AF863762}.Debug|Any CPU.Build.0 = Debug|Any CPU
		{0BA90A8C-72B2-4DB0-9467-5157AF863762}.Release|Any CPU.ActiveCfg = Release|Any CPU
		{0BA90A8C-72B2-4DB0-9467-5157AF863762}.Release|Any CPU.Build.0 = Release|Any CPU
	EndGlobalSection
	GlobalSection(SolutionProperties) = preSolution
		HideSolutionNode = FALSE
	EndGlobalSection
	GlobalSection(ExtensibilityGlobals) = postSolution
		SolutionGuid = {ADF22E8F-F57A-4B3A-9065-D1583AE4A663}
	EndGlobalSection
EndGlobal
