
Microsoft Visual Studio Solution File, Format Version 12.00
# Blend for Visual Studio Version 16
VisualStudioVersion = 16.0.31911.196
MinimumVisualStudioVersion = 10.0.40219.1
Project("{FAE04EC0-301F-11D3-BF4B-00C04F79EFBC}") = "ControlTemplates", "ControlTemplates\ControlTemplates.csproj", "{89D14FE6-DE96-46E9-A994-D129DF9A2504}"
EndProject
Global
	GlobalSection(SolutionConfigurationPlatforms) = preSolution
		Debug|Any CPU = Debug|Any CPU
		Release|Any CPU = Release|Any CPU
	EndGlobalSection
	GlobalSection(ProjectConfigurationPlatforms) = postSolution
		{89D14FE6-DE96-46E9-A994-D129DF9A2504}.Debug|Any CPU.ActiveCfg = Debug|Any CPU
		{89D14FE6-DE96-46E9-A994-D129DF9A2504}.Debug|Any CPU.Build.0 = Debug|Any CPU
		{89D14FE6-DE96-46E9-A994-D129DF9A2504}.Release|Any CPU.ActiveCfg = Release|Any CPU
		{89D14FE6-DE96-46E9-A994-D129DF9A2504}.Release|Any CPU.Build.0 = Release|Any CPU
	EndGlobalSection
	GlobalSection(SolutionProperties) = preSolution
		HideSolutionNode = FALSE
	EndGlobalSection
	GlobalSection(ExtensibilityGlobals) = postSolution
		SolutionGuid = {B3EDAAC6-E900-4A7E-A1C1-4AD5B8F81B08}
	EndGlobalSection
EndGlobal
