
Microsoft Visual Studio Solution File, Format Version 12.00
# Visual Studio Version 16
VisualStudioVersion = 16.0.32602.291
MinimumVisualStudioVersion = 10.0.40219.1
Project("{FAE04EC0-301F-11D3-BF4B-00C04F79EFBC}") = "ReInvented.CustomControls.Modals", "ReInvented.CustomControls.Modals\ReInvented.CustomControls.Modals.csproj", "{E72AEBE2-59F2-45DB-9E18-5D2E468340A7}"
EndProject
Global
	GlobalSection(SolutionConfigurationPlatforms) = preSolution
		Debug|Any CPU = Debug|Any CPU
		Release|Any CPU = Release|Any CPU
	EndGlobalSection
	GlobalSection(ProjectConfigurationPlatforms) = postSolution
		{E72AEBE2-59F2-45DB-9E18-5D2E468340A7}.Debug|Any CPU.ActiveCfg = Debug|Any CPU
		{E72AEBE2-59F2-45DB-9E18-5D2E468340A7}.Debug|Any CPU.Build.0 = Debug|Any CPU
		{E72AEBE2-59F2-45DB-9E18-5D2E468340A7}.Release|Any CPU.ActiveCfg = Release|Any CPU
		{E72AEBE2-59F2-45DB-9E18-5D2E468340A7}.Release|Any CPU.Build.0 = Release|Any CPU
	EndGlobalSection
	GlobalSection(SolutionProperties) = preSolution
		HideSolutionNode = FALSE
	EndGlobalSection
	GlobalSection(ExtensibilityGlobals) = postSolution
		SolutionGuid = {F639CC18-8852-4E38-B584-8F766B9C83AD}
	EndGlobalSection
EndGlobal
