
Microsoft Visual Studio Solution File, Format Version 11.00
# Visual C# Express 2010
Project("{FAE04EC0-301F-11D3-BF4B-00C04F79EFBC}") = "TechturalPractice", "TechturalPractice\TechturalPractice.csproj", "{B3719AAB-92FE-4523-A2B4-BDCC04CAD92E}"
EndProject
Project("{FAE04EC0-301F-11D3-BF4B-00C04F79EFBC}") = "Reservations", "Reservations\Reservations.csproj", "{3A10BC32-9B5C-4F78-9FF4-001802A8F560}"
EndProject
Global
	GlobalSection(SolutionConfigurationPlatforms) = preSolution
		Debug|x86 = Debug|x86
		Release|x86 = Release|x86
	EndGlobalSection
	GlobalSection(ProjectConfigurationPlatforms) = postSolution
		{B3719AAB-92FE-4523-A2B4-BDCC04CAD92E}.Debug|x86.ActiveCfg = Debug|x86
		{B3719AAB-92FE-4523-A2B4-BDCC04CAD92E}.Debug|x86.Build.0 = Debug|x86
		{B3719AAB-92FE-4523-A2B4-BDCC04CAD92E}.Release|x86.ActiveCfg = Release|x86
		{B3719AAB-92FE-4523-A2B4-BDCC04CAD92E}.Release|x86.Build.0 = Release|x86
		{3A10BC32-9B5C-4F78-9FF4-001802A8F560}.Debug|x86.ActiveCfg = Debug|x86
		{3A10BC32-9B5C-4F78-9FF4-001802A8F560}.Debug|x86.Build.0 = Debug|x86
		{3A10BC32-9B5C-4F78-9FF4-001802A8F560}.Release|x86.ActiveCfg = Release|x86
		{3A10BC32-9B5C-4F78-9FF4-001802A8F560}.Release|x86.Build.0 = Release|x86
	EndGlobalSection
	GlobalSection(SolutionProperties) = preSolution
		HideSolutionNode = FALSE
	EndGlobalSection
EndGlobal
