
Microsoft Visual Studio Solution File, Format Version 12.00
# Visual Studio Version 16
VisualStudioVersion = 16.0.31729.503
MinimumVisualStudioVersion = 10.0.40219.1
Project("{FAE04EC0-301F-11D3-BF4B-00C04F79EFBC}") = "SRi.AppsWithDatabases", "SRi.AppsWithDatabases\SRi.AppsWithDatabases.csproj", "{AB258298-3772-4B99-9225-42A1B16709E1}"
EndProject
Project("{00D1A9C2-B5F0-4AF3-8072-F6C62B433612}") = "SRi.DbProject", "SRi.DbProject\SRi.DbProject.sqlproj", "{20EEDF54-0D55-4A8E-9C51-BEA9285513B8}"
EndProject
Global
	GlobalSection(SolutionConfigurationPlatforms) = preSolution
		Debug|Any CPU = Debug|Any CPU
		Release|Any CPU = Release|Any CPU
	EndGlobalSection
	GlobalSection(ProjectConfigurationPlatforms) = postSolution
		{AB258298-3772-4B99-9225-42A1B16709E1}.Debug|Any CPU.ActiveCfg = Debug|Any CPU
		{AB258298-3772-4B99-9225-42A1B16709E1}.Debug|Any CPU.Build.0 = Debug|Any CPU
		{AB258298-3772-4B99-9225-42A1B16709E1}.Release|Any CPU.ActiveCfg = Release|Any CPU
		{AB258298-3772-4B99-9225-42A1B16709E1}.Release|Any CPU.Build.0 = Release|Any CPU
		{20EEDF54-0D55-4A8E-9C51-BEA9285513B8}.Debug|Any CPU.ActiveCfg = Debug|Any CPU
		{20EEDF54-0D55-4A8E-9C51-BEA9285513B8}.Debug|Any CPU.Build.0 = Debug|Any CPU
		{20EEDF54-0D55-4A8E-9C51-BEA9285513B8}.Debug|Any CPU.Deploy.0 = Debug|Any CPU
		{20EEDF54-0D55-4A8E-9C51-BEA9285513B8}.Release|Any CPU.ActiveCfg = Release|Any CPU
		{20EEDF54-0D55-4A8E-9C51-BEA9285513B8}.Release|Any CPU.Build.0 = Release|Any CPU
		{20EEDF54-0D55-4A8E-9C51-BEA9285513B8}.Release|Any CPU.Deploy.0 = Release|Any CPU
	EndGlobalSection
	GlobalSection(SolutionProperties) = preSolution
		HideSolutionNode = FALSE
	EndGlobalSection
	GlobalSection(ExtensibilityGlobals) = postSolution
		SolutionGuid = {62B21475-E6DC-4F53-AF48-1EC33096A934}
	EndGlobalSection
EndGlobal
