
Microsoft Visual Studio Solution File, Format Version 12.00
# Visual Studio Version 16
VisualStudioVersion = 16.0.33927.289
MinimumVisualStudioVersion = 10.0.40219.1
Project("{FAE04EC0-301F-11D3-BF4B-00C04F79EFBC}") = "DesignStructs.TestingSuite", "DesignStructs.TestingSuite\DesignStructs.TestingSuite.csproj", "{B5D9D7BC-5A8B-41B2-AFB5-36714A039E6B}"
EndProject
Project("{FAE04EC0-301F-11D3-BF4B-00C04F79EFBC}") = "DesignStructs.FluentValidationExercise", "DesignStructs.FluentValidationExercise\DesignStructs.FluentValidationExercise.csproj", "{FB92D1AF-B78D-411E-B793-BD2A9539A1A6}"
EndProject
Project("{FAE04EC0-301F-11D3-BF4B-00C04F79EFBC}") = "ReInvented.Animations", "ReInvented.Animations\ReInvented.Animations.csproj", "{00EDD453-512F-4385-8F6E-88A728FD186A}"
EndProject
Project("{FAE04EC0-301F-11D3-BF4B-00C04F79EFBC}") = "ReInvented.Domain.Drawing", "ReInvented.Domain.Drawing\ReInvented.Domain.Drawing.csproj", "{1091C9A6-89BA-4236-B4D1-EC1B89C76622}"
EndProject
Project("{FAE04EC0-301F-11D3-BF4B-00C04F79EFBC}") = "SPro2023ConsoleApp", "SPro2023ConsoleApp\SPro2023ConsoleApp\SPro2023ConsoleApp.csproj", "{00CEE675-75E5-4508-A7AD-09AB1C28E5AE}"
EndProject
Project("{FAE04EC0-301F-11D3-BF4B-00C04F79EFBC}") = "ExternalAssembliesTester", "ExternalAssembliesTester\ExternalAssembliesTester.csproj", "{A8AA5F07-F257-41B5-9E24-4090326E30D6}"
EndProject
Project("{FAE04EC0-301F-11D3-BF4B-00C04F79EFBC}") = "DevDrive", "DevDrive\DevDrive.csproj", "{AE652D7C-C971-453C-9AD9-9CB6CBC5884F}"
EndProject
Project("{FAE04EC0-301F-11D3-BF4B-00C04F79EFBC}") = "ReInvented.AsyncPracticeApp", "ReInvented.AsyncPracticeApp\ReInvented.AsyncPracticeApp.csproj", "{4FC287FC-49B6-4A8D-AA22-F5B2688B2DC1}"
EndProject
Project("{FAE04EC0-301F-11D3-BF4B-00C04F79EFBC}") = "ReInvented.UI", "ReInvented.UI\ReInvented.UI.csproj", "{E8BF176B-E06D-484B-8D96-639E05D6CF29}"
EndProject
Project("{FAE04EC0-301F-11D3-BF4B-00C04F79EFBC}") = "ReInvented.MathJaxer", "ReInvented.MathJaxer\ReInvented.MathJaxer.csproj", "{97448062-126C-43F3-BC1D-AFF7005946EC}"
EndProject
Project("{9A19103F-16F7-4668-BE54-9A1E7A4F7556}") = "DesignStructs.MeshingApp", "DesignStructs.MeshingApp\DesignStructs.MeshingApp.csproj", "{59799B71-A867-4EB1-88BC-8032DAF12F3E}"
EndProject
Project("{9A19103F-16F7-4668-BE54-9A1E7A4F7556}") = "Continuum.EquivalentSectionsFinder", "ReInvented.EquivalentSectionsFinder\Continuum.EquivalentSectionsFinder.csproj", "{66D27380-A967-4B3C-A54A-2AE311DC32F5}"
EndProject
Project("{FAE04EC0-301F-11D3-BF4B-00C04F79EFBC}") = "ReInvented.Domain.Optimization", "ReInvented.Domain.Optimization\ReInvented.Domain.Optimization.csproj", "{19F42E79-A6E8-4685-8C5D-54D36AA32D10}"
EndProject
Project("{FAE04EC0-301F-11D3-BF4B-00C04F79EFBC}") = "ReInvented.Staad.LoadCombinationsTemplateParser", "ReInvented.Staad.LoadCombinationsTemplateParser\ReInvented.Staad.LoadCombinationsTemplateParser.csproj", "{876DD1B2-C03D-439B-9F07-AE64B748DF22}"
EndProject
Project("{FAE04EC0-301F-11D3-BF4B-00C04F79EFBC}") = "ReInvented.CustomControlLibrary", "ReInvented.CustomControlLibrary\ReInvented.CustomControlLibrary.csproj", "{3EF6AD31-844A-4291-80C6-F0B1E5109235}"
EndProject
Project("{FAE04EC0-301F-11D3-BF4B-00C04F79EFBC}") = "ReInvented.BackwardCompatibleSerializer", "ReInvented.BackwardCompatibleSerializer\ReInvented.BackwardCompatibleSerializer.csproj", "{25D1EC4D-5570-476C-B8DA-BD1323EFE9CB}"
EndProject
Project("{FAE04EC0-301F-11D3-BF4B-00C04F79EFBC}") = "ReInvented.ThickenerModelGenerator.Core", "ReInvented.ThickenerModelGenerator.Core\ReInvented.ThickenerModelGenerator.Core.csproj", "{F6EA760B-9A2F-4B8D-B5DA-1C23B52A7240}"
EndProject
Project("{FAE04EC0-301F-11D3-BF4B-00C04F79EFBC}") = "ReInvented.Shared.Geometry", "ReInvented.Shared.Geometry\ReInvented.Shared.Geometry.csproj", "{446B843D-5091-47F8-81C1-DE185DBC3D0B}"
EndProject
Project("{FAE04EC0-301F-11D3-BF4B-00C04F79EFBC}") = "ReInvented.ConnX", "ReInvented.ConnX\ReInvented.ConnX.csproj", "{C26B730A-2ACC-4F3F-88BC-C31B6358A594}"
EndProject
Project("{FAE04EC0-301F-11D3-BF4B-00C04F79EFBC}") = "ReInvented.UniformMesher", "ReInvented.UniformMesher\ReInvented.UniformMesher.csproj", "{A6605FBB-CE5A-4930-8B10-845C02AF9617}"
EndProject
Project("{FAE04EC0-301F-11D3-BF4B-00C04F79EFBC}") = "ReInvented.StaadPro.InteropCore", "ReInvented.StaadPro.InteropCore\ReInvented.StaadPro.InteropCore.csproj", "{7935DF54-BDFD-46F8-B68A-A59F6072561D}"
EndProject
Project("{9A19103F-16F7-4668-BE54-9A1E7A4F7556}") = "ReInvented.CoreTester", "ReInvented.CoreTester\ReInvented.CoreTester.csproj", "{FE2764C8-673C-4854-A55C-662820A30749}"
EndProject
Global
	GlobalSection(SolutionConfigurationPlatforms) = preSolution
		Debug|Any CPU = Debug|Any CPU
		Release|Any CPU = Release|Any CPU
	EndGlobalSection
	GlobalSection(ProjectConfigurationPlatforms) = postSolution
		{B5D9D7BC-5A8B-41B2-AFB5-36714A039E6B}.Debug|Any CPU.ActiveCfg = Debug|Any CPU
		{B5D9D7BC-5A8B-41B2-AFB5-36714A039E6B}.Debug|Any CPU.Build.0 = Debug|Any CPU
		{B5D9D7BC-5A8B-41B2-AFB5-36714A039E6B}.Release|Any CPU.ActiveCfg = Release|Any CPU
		{B5D9D7BC-5A8B-41B2-AFB5-36714A039E6B}.Release|Any CPU.Build.0 = Release|Any CPU
		{FB92D1AF-B78D-411E-B793-BD2A9539A1A6}.Debug|Any CPU.ActiveCfg = Debug|Any CPU
		{FB92D1AF-B78D-411E-B793-BD2A9539A1A6}.Debug|Any CPU.Build.0 = Debug|Any CPU
		{FB92D1AF-B78D-411E-B793-BD2A9539A1A6}.Release|Any CPU.ActiveCfg = Release|Any CPU
		{FB92D1AF-B78D-411E-B793-BD2A9539A1A6}.Release|Any CPU.Build.0 = Release|Any CPU
		{00EDD453-512F-4385-8F6E-88A728FD186A}.Debug|Any CPU.ActiveCfg = Debug|Any CPU
		{00EDD453-512F-4385-8F6E-88A728FD186A}.Debug|Any CPU.Build.0 = Debug|Any CPU
		{00EDD453-512F-4385-8F6E-88A728FD186A}.Release|Any CPU.ActiveCfg = Release|Any CPU
		{00EDD453-512F-4385-8F6E-88A728FD186A}.Release|Any CPU.Build.0 = Release|Any CPU
		{1091C9A6-89BA-4236-B4D1-EC1B89C76622}.Debug|Any CPU.ActiveCfg = Debug|Any CPU
		{1091C9A6-89BA-4236-B4D1-EC1B89C76622}.Debug|Any CPU.Build.0 = Debug|Any CPU
		{1091C9A6-89BA-4236-B4D1-EC1B89C76622}.Release|Any CPU.ActiveCfg = Release|Any CPU
		{1091C9A6-89BA-4236-B4D1-EC1B89C76622}.Release|Any CPU.Build.0 = Release|Any CPU
		{00CEE675-75E5-4508-A7AD-09AB1C28E5AE}.Debug|Any CPU.ActiveCfg = Debug|Any CPU
		{00CEE675-75E5-4508-A7AD-09AB1C28E5AE}.Debug|Any CPU.Build.0 = Debug|Any CPU
		{00CEE675-75E5-4508-A7AD-09AB1C28E5AE}.Release|Any CPU.ActiveCfg = Release|Any CPU
		{00CEE675-75E5-4508-A7AD-09AB1C28E5AE}.Release|Any CPU.Build.0 = Release|Any CPU
		{A8AA5F07-F257-41B5-9E24-4090326E30D6}.Debug|Any CPU.ActiveCfg = Debug|Any CPU
		{A8AA5F07-F257-41B5-9E24-4090326E30D6}.Debug|Any CPU.Build.0 = Debug|Any CPU
		{A8AA5F07-F257-41B5-9E24-4090326E30D6}.Release|Any CPU.ActiveCfg = Release|Any CPU
		{A8AA5F07-F257-41B5-9E24-4090326E30D6}.Release|Any CPU.Build.0 = Release|Any CPU
		{AE652D7C-C971-453C-9AD9-9CB6CBC5884F}.Debug|Any CPU.ActiveCfg = Debug|Any CPU
		{AE652D7C-C971-453C-9AD9-9CB6CBC5884F}.Debug|Any CPU.Build.0 = Debug|Any CPU
		{AE652D7C-C971-453C-9AD9-9CB6CBC5884F}.Release|Any CPU.ActiveCfg = Release|Any CPU
		{AE652D7C-C971-453C-9AD9-9CB6CBC5884F}.Release|Any CPU.Build.0 = Release|Any CPU
		{4FC287FC-49B6-4A8D-AA22-F5B2688B2DC1}.Debug|Any CPU.ActiveCfg = Debug|Any CPU
		{4FC287FC-49B6-4A8D-AA22-F5B2688B2DC1}.Debug|Any CPU.Build.0 = Debug|Any CPU
		{4FC287FC-49B6-4A8D-AA22-F5B2688B2DC1}.Release|Any CPU.ActiveCfg = Release|Any CPU
		{4FC287FC-49B6-4A8D-AA22-F5B2688B2DC1}.Release|Any CPU.Build.0 = Release|Any CPU
		{E8BF176B-E06D-484B-8D96-639E05D6CF29}.Debug|Any CPU.ActiveCfg = Debug|Any CPU
		{E8BF176B-E06D-484B-8D96-639E05D6CF29}.Debug|Any CPU.Build.0 = Debug|Any CPU
		{E8BF176B-E06D-484B-8D96-639E05D6CF29}.Release|Any CPU.ActiveCfg = Release|Any CPU
		{E8BF176B-E06D-484B-8D96-639E05D6CF29}.Release|Any CPU.Build.0 = Release|Any CPU
		{97448062-126C-43F3-BC1D-AFF7005946EC}.Debug|Any CPU.ActiveCfg = Debug|Any CPU
		{97448062-126C-43F3-BC1D-AFF7005946EC}.Debug|Any CPU.Build.0 = Debug|Any CPU
		{97448062-126C-43F3-BC1D-AFF7005946EC}.Release|Any CPU.ActiveCfg = Release|Any CPU
		{97448062-126C-43F3-BC1D-AFF7005946EC}.Release|Any CPU.Build.0 = Release|Any CPU
		{59799B71-A867-4EB1-88BC-8032DAF12F3E}.Debug|Any CPU.ActiveCfg = Debug|Any CPU
		{59799B71-A867-4EB1-88BC-8032DAF12F3E}.Debug|Any CPU.Build.0 = Debug|Any CPU
		{59799B71-A867-4EB1-88BC-8032DAF12F3E}.Release|Any CPU.ActiveCfg = Release|Any CPU
		{59799B71-A867-4EB1-88BC-8032DAF12F3E}.Release|Any CPU.Build.0 = Release|Any CPU
		{66D27380-A967-4B3C-A54A-2AE311DC32F5}.Debug|Any CPU.ActiveCfg = Debug|Any CPU
		{66D27380-A967-4B3C-A54A-2AE311DC32F5}.Debug|Any CPU.Build.0 = Debug|Any CPU
		{66D27380-A967-4B3C-A54A-2AE311DC32F5}.Release|Any CPU.ActiveCfg = Release|Any CPU
		{66D27380-A967-4B3C-A54A-2AE311DC32F5}.Release|Any CPU.Build.0 = Release|Any CPU
		{19F42E79-A6E8-4685-8C5D-54D36AA32D10}.Debug|Any CPU.ActiveCfg = Debug|Any CPU
		{19F42E79-A6E8-4685-8C5D-54D36AA32D10}.Debug|Any CPU.Build.0 = Debug|Any CPU
		{19F42E79-A6E8-4685-8C5D-54D36AA32D10}.Release|Any CPU.ActiveCfg = Release|Any CPU
		{19F42E79-A6E8-4685-8C5D-54D36AA32D10}.Release|Any CPU.Build.0 = Release|Any CPU
		{876DD1B2-C03D-439B-9F07-AE64B748DF22}.Debug|Any CPU.ActiveCfg = Debug|Any CPU
		{876DD1B2-C03D-439B-9F07-AE64B748DF22}.Debug|Any CPU.Build.0 = Debug|Any CPU
		{876DD1B2-C03D-439B-9F07-AE64B748DF22}.Release|Any CPU.ActiveCfg = Release|Any CPU
		{876DD1B2-C03D-439B-9F07-AE64B748DF22}.Release|Any CPU.Build.0 = Release|Any CPU
		{3EF6AD31-844A-4291-80C6-F0B1E5109235}.Debug|Any CPU.ActiveCfg = Debug|Any CPU
		{3EF6AD31-844A-4291-80C6-F0B1E5109235}.Debug|Any CPU.Build.0 = Debug|Any CPU
		{3EF6AD31-844A-4291-80C6-F0B1E5109235}.Release|Any CPU.ActiveCfg = Release|Any CPU
		{3EF6AD31-844A-4291-80C6-F0B1E5109235}.Release|Any CPU.Build.0 = Release|Any CPU
		{25D1EC4D-5570-476C-B8DA-BD1323EFE9CB}.Debug|Any CPU.ActiveCfg = Debug|Any CPU
		{25D1EC4D-5570-476C-B8DA-BD1323EFE9CB}.Debug|Any CPU.Build.0 = Debug|Any CPU
		{25D1EC4D-5570-476C-B8DA-BD1323EFE9CB}.Release|Any CPU.ActiveCfg = Release|Any CPU
		{25D1EC4D-5570-476C-B8DA-BD1323EFE9CB}.Release|Any CPU.Build.0 = Release|Any CPU
		{F6EA760B-9A2F-4B8D-B5DA-1C23B52A7240}.Debug|Any CPU.ActiveCfg = Debug|Any CPU
		{F6EA760B-9A2F-4B8D-B5DA-1C23B52A7240}.Debug|Any CPU.Build.0 = Debug|Any CPU
		{F6EA760B-9A2F-4B8D-B5DA-1C23B52A7240}.Release|Any CPU.ActiveCfg = Release|Any CPU
		{F6EA760B-9A2F-4B8D-B5DA-1C23B52A7240}.Release|Any CPU.Build.0 = Release|Any CPU
		{446B843D-5091-47F8-81C1-DE185DBC3D0B}.Debug|Any CPU.ActiveCfg = Debug|Any CPU
		{446B843D-5091-47F8-81C1-DE185DBC3D0B}.Debug|Any CPU.Build.0 = Debug|Any CPU
		{446B843D-5091-47F8-81C1-DE185DBC3D0B}.Release|Any CPU.ActiveCfg = Release|Any CPU
		{446B843D-5091-47F8-81C1-DE185DBC3D0B}.Release|Any CPU.Build.0 = Release|Any CPU
		{C26B730A-2ACC-4F3F-88BC-C31B6358A594}.Debug|Any CPU.ActiveCfg = Debug|Any CPU
		{C26B730A-2ACC-4F3F-88BC-C31B6358A594}.Debug|Any CPU.Build.0 = Debug|Any CPU
		{C26B730A-2ACC-4F3F-88BC-C31B6358A594}.Release|Any CPU.ActiveCfg = Release|Any CPU
		{C26B730A-2ACC-4F3F-88BC-C31B6358A594}.Release|Any CPU.Build.0 = Release|Any CPU
		{A6605FBB-CE5A-4930-8B10-845C02AF9617}.Debug|Any CPU.ActiveCfg = Debug|Any CPU
		{A6605FBB-CE5A-4930-8B10-845C02AF9617}.Debug|Any CPU.Build.0 = Debug|Any CPU
		{A6605FBB-CE5A-4930-8B10-845C02AF9617}.Release|Any CPU.ActiveCfg = Release|Any CPU
		{A6605FBB-CE5A-4930-8B10-845C02AF9617}.Release|Any CPU.Build.0 = Release|Any CPU
		{7935DF54-BDFD-46F8-B68A-A59F6072561D}.Debug|Any CPU.ActiveCfg = Debug|Any CPU
		{7935DF54-BDFD-46F8-B68A-A59F6072561D}.Debug|Any CPU.Build.0 = Debug|Any CPU
		{7935DF54-BDFD-46F8-B68A-A59F6072561D}.Release|Any CPU.ActiveCfg = Release|Any CPU
		{7935DF54-BDFD-46F8-B68A-A59F6072561D}.Release|Any CPU.Build.0 = Release|Any CPU
		{FE2764C8-673C-4854-A55C-662820A30749}.Debug|Any CPU.ActiveCfg = Debug|Any CPU
		{FE2764C8-673C-4854-A55C-662820A30749}.Debug|Any CPU.Build.0 = Debug|Any CPU
		{FE2764C8-673C-4854-A55C-662820A30749}.Release|Any CPU.ActiveCfg = Release|Any CPU
		{FE2764C8-673C-4854-A55C-662820A30749}.Release|Any CPU.Build.0 = Release|Any CPU
	EndGlobalSection
	GlobalSection(SolutionProperties) = preSolution
		HideSolutionNode = FALSE
	EndGlobalSection
	GlobalSection(ExtensibilityGlobals) = postSolution
		SolutionGuid = {4E051B8C-A3AB-4818-899C-619CBC92C967}
	EndGlobalSection
EndGlobal
