
Microsoft Visual Studio Solution File, Format Version 12.00
# Visual Studio Version 16
VisualStudioVersion = 16.0.35325.158
MinimumVisualStudioVersion = 10.0.40219.1
Project("{FAE04EC0-301F-11D3-BF4B-00C04F79EFBC}") = "PlateMeshing", "PlateMeshing\PlateMeshing.csproj", "{031CA6BC-E646-4E93-A984-1D17C8A0CBDC}"
EndProject
Global
	GlobalSection(SolutionConfigurationPlatforms) = preSolution
		Debug|Any CPU = Debug|Any CPU
		Release|Any CPU = Release|Any CPU
	EndGlobalSection
	GlobalSection(ProjectConfigurationPlatforms) = postSolution
		{031CA6BC-E646-4E93-A984-1D17C8A0CBDC}.Debug|Any CPU.ActiveCfg = Debug|Any CPU
		{031CA6BC-E646-4E93-A984-1D17C8A0CBDC}.Debug|Any CPU.Build.0 = Debug|Any CPU
		{031CA6BC-E646-4E93-A984-1D17C8A0CBDC}.Release|Any CPU.ActiveCfg = Release|Any CPU
		{031CA6BC-E646-4E93-A984-1D17C8A0CBDC}.Release|Any CPU.Build.0 = Release|Any CPU
	EndGlobalSection
	GlobalSection(SolutionProperties) = preSolution
		HideSolutionNode = FALSE
	EndGlobalSection
	GlobalSection(ExtensibilityGlobals) = postSolution
		SolutionGuid = {50701186-0901-4EB2-83D1-633C9E53D71C}
	EndGlobalSection
EndGlobal
